<Solution>
  <Folder Name="/src/">
    <Project Path="src/SecurityGuard.AlgorithmGuard/SecurityGuard.AlgorithmGuard.csproj" />
    <Project Path="src/SecurityGuard.Core/SecurityGuard.Core.csproj" />
    <Project Path="src/SecurityGuard.Infrastructure/SecurityGuard.Infrastructure.csproj" />
    <Project Path="src/SecurityGuard.Service/SecurityGuard.Service.csproj" />
    <Project Path="src/SecurityGuard.Storage/SecurityGuard.Storage.csproj" />
    <Project Path="src/SecurityGuard.TransferGuard/SecurityGuard.TransferGuard.csproj" />
    <Project Path="src/SecurityGuard.UI/SecurityGuard.UI.csproj" />
  </Folder>
  <Folder Name="/tests/">
    <Project Path="tests/SecurityGuard.AlgorithmGuard.Tests/SecurityGuard.AlgorithmGuard.Tests.csproj" />
    <Project Path="tests/SecurityGuard.Core.Tests/SecurityGuard.Core.Tests.csproj" />
    <Project Path="tests/SecurityGuard.Infrastructure.Tests/SecurityGuard.Infrastructure.Tests.csproj" />
    <Project Path="tests/SecurityGuard.Service.Tests/SecurityGuard.Service.Tests.csproj" />
    <Project Path="tests/SecurityGuard.Storage.Tests/SecurityGuard.Storage.Tests.csproj" />
    <Project Path="tests/SecurityGuard.TransferGuard.Tests/SecurityGuard.TransferGuard.Tests.csproj" />
    <Project Path="tests/SecurityGuard.UI.Tests/SecurityGuard.UI.Tests.csproj" />
  </Folder>
</Solution>
