<Solution>
  <Folder Name="/src/">
    <Project Path="src/SecurityGuard.Core/SecurityGuard.Core.csproj" />
    <Project Path="src/SecurityGuard.Infrastructure/SecurityGuard.Infrastructure.csproj" />
    <Project Path="src/SecurityGuard.Service/SecurityGuard.Service.csproj" />
    <Project Path="src/SecurityGuard.Storage/SecurityGuard.Storage.csproj" />
    <Project Path="src/SecurityGuard.UI/SecurityGuard.UI.csproj" />
  </Folder>
  <Folder Name="/tests/">
    <Project Path="tests/SecurityGuard.Core.Tests/SecurityGuard.Core.Tests.csproj" />
    <Project Path="tests/SecurityGuard.Infrastructure.Tests/SecurityGuard.Infrastructure.Tests.csproj" />
    <Project Path="tests/SecurityGuard.Service.Tests/SecurityGuard.Service.Tests.csproj" />
    <Project Path="tests/SecurityGuard.Storage.Tests/SecurityGuard.Storage.Tests.csproj" />
  </Folder>
</Solution>
